PODS:
  - PhoneNumberKit (3.0.0):
    - PhoneNumberKit/PhoneNumberKitCore (= 3.0.0)
    - PhoneNumberKit/UIKit (= 3.0.0)
  - PhoneNumberKit/PhoneNumberKitCore (3.0.0)
  - PhoneNumberKit/UIKit (3.0.0):
    - PhoneNumberKit/PhoneNumberKitCore

DEPENDENCIES:
  - PhoneNumberKit (~> 3.0)

SPEC REPOS:
  https://github.com/cocoapods/specs.git:
    - PhoneNumberKit

SPEC CHECKSUMS:
  PhoneNumberKit: 86019c972ef6904bcad11b46a6b8a91184d51117

PODFILE CHECKSUM: ffa347a0e3e0886bcf492cb1d11a09f1d11446dd

COCOAPODS: 1.5.3
